
Microsoft Visual Studio Solution File, Format Version 12.00
# Visual Studio Version 16
VisualStudioVersion = 16.0.30711.63
MinimumVisualStudioVersion = 10.0.40219.1
Project("{FAE04EC0-301F-11D3-BF4B-00C04F79EFBC}") = "FedPet", "FedPet.csproj", "{0A242C56-1D42-4FD0-B2F9-20002E823BDD}"
EndProject
Global
	GlobalSection(SolutionConfigurationPlatforms) = preSolution
		Debug|Any CPU = Debug|Any CPU
		Release|Any CPU = Release|Any CPU
	EndGlobalSection
	GlobalSection(ProjectConfigurationPlatforms) = postSolution
		{0A242C56-1D42-4FD0-B2F9-20002E823BDD}.Debug|Any CPU.ActiveCfg = Debug|Any CPU
		{0A242C56-1D42-4FD0-B2F9-20002E823BDD}.Debug|Any CPU.Build.0 = Debug|Any CPU
		{0A242C56-1D42-4FD0-B2F9-20002E823BDD}.Release|Any CPU.ActiveCfg = Release|Any CPU
		{0A242C56-1D42-4FD0-B2F9-20002E823BDD}.Release|Any CPU.Build.0 = Release|Any CPU
	EndGlobalSection
	GlobalSection(SolutionProperties) = preSolution
		HideSolutionNode = FALSE
	EndGlobalSection
	GlobalSection(ExtensibilityGlobals) = postSolution
		SolutionGuid = {54E76682-045D-44DE-82AB-E76491155C06}
	EndGlobalSection
EndGlobal
